
Microsoft Visual Studio Solution File, Format Version 12.00
# Visual Studio 2013
VisualStudioVersion = 12.0.30723.0
MinimumVisualStudioVersion = 10.0.40219.1
Project("{FAE04EC0-301F-11D3-BF4B-00C04F79EFBC}") = "PMS", "PMS\PMS.csproj", "{D2D1A25C-511D-49E1-9D8B-3710A58A596C}"
EndProject
Project("{2150E333-8FDC-42A3-9474-1A3956D46DE8}") = ".nuget", ".nuget", "{62314FCC-6A0B-4406-A1B0-48923CBDC657}"
	ProjectSection(SolutionItems) = preProject
		.nuget\packages.config = .nuget\packages.config
	EndProjectSection
EndProject
Global
	GlobalSection(SolutionConfigurationPlatforms) = preSolution
		Debug|Any CPU = Debug|Any CPU
		Release|Any CPU = Release|Any CPU
	EndGlobalSection
	GlobalSection(ProjectConfigurationPlatforms) = postSolution
		{D2D1A25C-511D-49E1-9D8B-3710A58A596C}.Debug|Any CPU.ActiveCfg = Debug|Any CPU
		{D2D1A25C-511D-49E1-9D8B-3710A58A596C}.Debug|Any CPU.Build.0 = Debug|Any CPU
		{D2D1A25C-511D-49E1-9D8B-3710A58A596C}.Release|Any CPU.ActiveCfg = Release|Any CPU
		{D2D1A25C-511D-49E1-9D8B-3710A58A596C}.Release|Any CPU.Build.0 = Release|Any CPU
	EndGlobalSection
	GlobalSection(SolutionProperties) = preSolution
		HideSolutionNode = FALSE
	EndGlobalSection
EndGlobal
